
Microsoft Visual Studio Solution File, Format Version 12.00
# Visual Studio Version 17
VisualStudioVersion = 17.4.33122.133
MinimumVisualStudioVersion = 10.0.40219.1
Project("{2150E333-8FDC-42A3-9474-1A3956D46DE8}") = "src", "src", "{35F6E594-C7FD-49BB-BBA7-81A79945416C}"
EndProject
Project("{2150E333-8FDC-42A3-9474-1A3956D46DE8}") = "API", "API", "{3882E4BF-C51E-436D-B6E1-BA611395C792}"
EndProject
Project("{2150E333-8FDC-42A3-9474-1A3956D46DE8}") = "Core", "Core", "{6F64696E-F8C3-4B37-A572-94A5FF1F0719}"
EndProject
Project("{2150E333-8FDC-42A3-9474-1A3956D46DE8}") = "Infrastructure", "Infrastructure", "{489EDD5C-E397-488C-B681-B56574B10ECA}"
EndProject
Project("{2150E333-8FDC-42A3-9474-1A3956D46DE8}") = "UI", "UI", "{B9271C80-6806-4E27-B7EB-03528A62FE73}"
EndProject
Project("{9A19103F-16F7-4668-BE54-9A1E7A4F7556}") = "TaskManagerPro.Domain", "TaskManagerPro.Domain\TaskManagerPro.Domain.csproj", "{E419BC82-BBCF-4CCD-B8D9-A4FDF91B268C}"
EndProject
Project("{9A19103F-16F7-4668-BE54-9A1E7A4F7556}") = "TaskManagerPro.Application", "TaskManagerPro.Application\TaskManagerPro.Application.csproj", "{918131DF-9947-40C0-A702-A68E36FFBC5F}"
EndProject
Project("{2150E333-8FDC-42A3-9474-1A3956D46DE8}") = "test", "test", "{A3FBFDD1-7F93-4824-A47F-14427EE14FCE}"
EndProject
Project("{9A19103F-16F7-4668-BE54-9A1E7A4F7556}") = "TaskManagerPro.Persistence", "TaskManagerPro.Persistence\TaskManagerPro.Persistence.csproj", "{59A32F24-B014-457A-954E-54D59865322F}"
	ProjectSection(ProjectDependencies) = postProject
		{918131DF-9947-40C0-A702-A68E36FFBC5F} = {918131DF-9947-40C0-A702-A68E36FFBC5F}
	EndProjectSection
EndProject
Project("{9A19103F-16F7-4668-BE54-9A1E7A4F7556}") = "TaskManagerPro.Infrastructure", "TaskManagerPro.Infrastructure\TaskManagerPro.Infrastructure.csproj", "{2CEC217A-E406-4C7B-AA9E-45E3C54C4337}"
EndProject
Project("{FAE04EC0-301F-11D3-BF4B-00C04F79EFBC}") = "TaskManagerPro.Api", "TaskManagerPro.Api\TaskManagerPro.Api.csproj", "{0B0E2F71-2ECA-4B23-B3CE-80005A4C6B87}"
EndProject
Global
	GlobalSection(SolutionConfigurationPlatforms) = preSolution
		Debug|Any CPU = Debug|Any CPU
		Release|Any CPU = Release|Any CPU
	EndGlobalSection
	GlobalSection(ProjectConfigurationPlatforms) = postSolution
		{E419BC82-BBCF-4CCD-B8D9-A4FDF91B268C}.Debug|Any CPU.ActiveCfg = Debug|Any CPU
		{E419BC82-BBCF-4CCD-B8D9-A4FDF91B268C}.Debug|Any CPU.Build.0 = Debug|Any CPU
		{E419BC82-BBCF-4CCD-B8D9-A4FDF91B268C}.Release|Any CPU.ActiveCfg = Release|Any CPU
		{E419BC82-BBCF-4CCD-B8D9-A4FDF91B268C}.Release|Any CPU.Build.0 = Release|Any CPU
		{918131DF-9947-40C0-A702-A68E36FFBC5F}.Debug|Any CPU.ActiveCfg = Debug|Any CPU
		{918131DF-9947-40C0-A702-A68E36FFBC5F}.Debug|Any CPU.Build.0 = Debug|Any CPU
		{918131DF-9947-40C0-A702-A68E36FFBC5F}.Release|Any CPU.ActiveCfg = Release|Any CPU
		{918131DF-9947-40C0-A702-A68E36FFBC5F}.Release|Any CPU.Build.0 = Release|Any CPU
		{59A32F24-B014-457A-954E-54D59865322F}.Debug|Any CPU.ActiveCfg = Debug|Any CPU
		{59A32F24-B014-457A-954E-54D59865322F}.Debug|Any CPU.Build.0 = Debug|Any CPU
		{59A32F24-B014-457A-954E-54D59865322F}.Release|Any CPU.ActiveCfg = Release|Any CPU
		{59A32F24-B014-457A-954E-54D59865322F}.Release|Any CPU.Build.0 = Release|Any CPU
		{2CEC217A-E406-4C7B-AA9E-45E3C54C4337}.Debug|Any CPU.ActiveCfg = Debug|Any CPU
		{2CEC217A-E406-4C7B-AA9E-45E3C54C4337}.Debug|Any CPU.Build.0 = Debug|Any CPU
		{2CEC217A-E406-4C7B-AA9E-45E3C54C4337}.Release|Any CPU.ActiveCfg = Release|Any CPU
		{2CEC217A-E406-4C7B-AA9E-45E3C54C4337}.Release|Any CPU.Build.0 = Release|Any CPU
		{0B0E2F71-2ECA-4B23-B3CE-80005A4C6B87}.Debug|Any CPU.ActiveCfg = Debug|Any CPU
		{0B0E2F71-2ECA-4B23-B3CE-80005A4C6B87}.Debug|Any CPU.Build.0 = Debug|Any CPU
		{0B0E2F71-2ECA-4B23-B3CE-80005A4C6B87}.Release|Any CPU.ActiveCfg = Release|Any CPU
		{0B0E2F71-2ECA-4B23-B3CE-80005A4C6B87}.Release|Any CPU.Build.0 = Release|Any CPU
	EndGlobalSection
	GlobalSection(SolutionProperties) = preSolution
		HideSolutionNode = FALSE
	EndGlobalSection
	GlobalSection(NestedProjects) = preSolution
		{3882E4BF-C51E-436D-B6E1-BA611395C792} = {35F6E594-C7FD-49BB-BBA7-81A79945416C}
		{6F64696E-F8C3-4B37-A572-94A5FF1F0719} = {35F6E594-C7FD-49BB-BBA7-81A79945416C}
		{489EDD5C-E397-488C-B681-B56574B10ECA} = {35F6E594-C7FD-49BB-BBA7-81A79945416C}
		{B9271C80-6806-4E27-B7EB-03528A62FE73} = {35F6E594-C7FD-49BB-BBA7-81A79945416C}
		{E419BC82-BBCF-4CCD-B8D9-A4FDF91B268C} = {6F64696E-F8C3-4B37-A572-94A5FF1F0719}
		{918131DF-9947-40C0-A702-A68E36FFBC5F} = {6F64696E-F8C3-4B37-A572-94A5FF1F0719}
		{59A32F24-B014-457A-954E-54D59865322F} = {489EDD5C-E397-488C-B681-B56574B10ECA}
		{2CEC217A-E406-4C7B-AA9E-45E3C54C4337} = {489EDD5C-E397-488C-B681-B56574B10ECA}
		{0B0E2F71-2ECA-4B23-B3CE-80005A4C6B87} = {3882E4BF-C51E-436D-B6E1-BA611395C792}
	EndGlobalSection
	GlobalSection(ExtensibilityGlobals) = postSolution
		SolutionGuid = {4123F39C-9DE8-488B-A371-F9802D940F4E}
	EndGlobalSection
EndGlobal
